
Microsoft Visual Studio Solution File, Format Version 12.00
# Visual Studio 15
VisualStudioVersion = 15.0.28010.2050
MinimumVisualStudioVersion = 10.0.40219.1
Project("{8BC9CEB8-8B4A-11D0-8D11-00A0C91BC942}") = "imgui", "imgui\imgui.vcxproj", "{A0FB5B6E-6D2E-47BC-94EB-9BB85424226B}"
EndProject
Project("{8BC9CEB8-8B4A-11D0-8D11-00A0C91BC942}") = "opengl3", "opengl3\opengl3.vcxproj", "{0508F544-E95A-4802-ABBE-9290771DFA8E}"
EndProject
Global
	GlobalSection(SolutionConfigurationPlatforms) = preSolution
		Debug|x64 = Debug|x64
		Debug|x86 = Debug|x86
		Release|x64 = Release|x64
		Release|x86 = Release|x86
	EndGlobalSection
	GlobalSection(ProjectConfigurationPlatforms) = postSolution
		{A0FB5B6E-6D2E-47BC-94EB-9BB85424226B}.Debug|x64.ActiveCfg = Debug|x64
		{A0FB5B6E-6D2E-47BC-94EB-9BB85424226B}.Debug|x64.Build.0 = Debug|x64
		{A0FB5B6E-6D2E-47BC-94EB-9BB85424226B}.Debug|x86.ActiveCfg = Debug|Win32
		{A0FB5B6E-6D2E-47BC-94EB-9BB85424226B}.Debug|x86.Build.0 = Debug|Win32
		{A0FB5B6E-6D2E-47BC-94EB-9BB85424226B}.Release|x64.ActiveCfg = Release|x64
		{A0FB5B6E-6D2E-47BC-94EB-9BB85424226B}.Release|x64.Build.0 = Release|x64
		{A0FB5B6E-6D2E-47BC-94EB-9BB85424226B}.Release|x86.ActiveCfg = Release|Win32
		{A0FB5B6E-6D2E-47BC-94EB-9BB85424226B}.Release|x86.Build.0 = Release|Win32
		{0508F544-E95A-4802-ABBE-9290771DFA8E}.Debug|x64.ActiveCfg = Debug|x64
		{0508F544-E95A-4802-ABBE-9290771DFA8E}.Debug|x64.Build.0 = Debug|x64
		{0508F544-E95A-4802-ABBE-9290771DFA8E}.Debug|x86.ActiveCfg = Debug|Win32
		{0508F544-E95A-4802-ABBE-9290771DFA8E}.Debug|x86.Build.0 = Debug|Win32
		{0508F544-E95A-4802-ABBE-9290771DFA8E}.Release|x64.ActiveCfg = Release|x64
		{0508F544-E95A-4802-ABBE-9290771DFA8E}.Release|x64.Build.0 = Release|x64
		{0508F544-E95A-4802-ABBE-9290771DFA8E}.Release|x86.ActiveCfg = Release|Win32
		{0508F544-E95A-4802-ABBE-9290771DFA8E}.Release|x86.Build.0 = Release|Win32
	EndGlobalSection
	GlobalSection(SolutionProperties) = preSolution
		HideSolutionNode = FALSE
	EndGlobalSection
	GlobalSection(ExtensibilityGlobals) = postSolution
		SolutionGuid = {A8D28B84-4912-4A43-8139-2699755174F3}
	EndGlobalSection
EndGlobal
